<Solution>
  <Folder Name="/src/">
    <Project Path="src/UsenetBackup.Cli/UsenetBackup.Cli.csproj" />
    <Project Path="src/UsenetBackup.Core/UsenetBackup.Core.csproj" />
    <Project Path="src/UsenetBackup.Recovery/UsenetBackup.Recovery.csproj" />
    <Project Path="src/UsenetBackup.Service/UsenetBackup.Service.csproj" />
  </Folder>
  <Folder Name="/tests/">
    <Project Path="tests/UsenetBackup.Core.Tests/UsenetBackup.Core.Tests.csproj" />
  </Folder>
</Solution>
